<?xml version="1.0" encoding="utf-8"?>
<Project ToolsVersion="15.0" xmlns="http://schemas.microsoft.com/developer/msbuild/2003">
  <ItemGroup>
    <ClCompile Include="source\parm_factory\ParmFactory.cc">
      <Filter>Source Files</Filter>
    </ClCompile>
    <ClCompile Include="source\Sop_Advect\Sop_Advect.C">
      <Filter>Source Files</Filter>
    </ClCompile>
  </ItemGroup>
  <ItemGroup>
    <ClInclude Include="source\parm_factory\ParmFactory.h">
      <Filter>Header Files</Filter>
    </ClInclude>
    <ClInclude Include="source\Sop_Advect\Sop_Advect.h">
      <Filter>Header Files</Filter>
    </ClInclude>
  </ItemGroup>
  <ItemGroup>
    <CustomBuild Include="D:\test\Sop_Advect\CMakeLists.txt" />
  </ItemGroup>
  <ItemGroup>
    <Filter Include="Header Files">
      <UniqueIdentifier>{64E7577E-F271-3F51-9059-4243F872916D}</UniqueIdentifier>
    </Filter>
    <Filter Include="Source Files">
      <UniqueIdentifier>{31BA01AA-BD70-3392-BA5D-22394F44A6BB}</UniqueIdentifier>
    </Filter>
  </ItemGroup>
</Project>